dependencies:
- name: basic-web-app
  repository: https://itsmethemojo.github.io/helm-charts/
  version: 1.3.0
- name: postgresql
  repository: https://charts.bitnami.com/bitnami
  version: 12.1.3
digest: sha256:c33a46e3428a962089a37d07351af779e701331c0958b1358c176233a06f7e97
generated: "2026-03-24T23:02:20.614421277+01:00"
